# THIS IS AN AUTOGENERATED FILE. DO NOT EDIT THIS FILE DIRECTLY.
# yarn lockfile v1


"@angular/animations@^12.2.8", "@angular/animations@12.2.16":
  "integrity" "sha512-Kf6C7Ta+fCMq5DvT9JNVhBkcECrqFa3wumiC6ssGo5sNaEzXz+tlep9ZgEbqfxSn7gAN7L1DgsbS9u0O6tbUkg=="
  "resolved" "https://registry.npmjs.org/@angular/animations/-/animations-12.2.16.tgz"
  "version" "12.2.16"
  dependencies:
    "tslib" "^2.2.0"

"@angular/cdk@^12.2.8":
  "integrity" "sha512-zSKRhECyFqhingIeyRInIyTvYErt4gWo+x5DQr0b7YLUbU8DZSwWnG4w76Ke2s4U8T7ry1jpJBHoX/e8YBpGMg=="
  "resolved" "https://registry.npmjs.org/@angular/cdk/-/cdk-12.2.13.tgz"
  "version" "12.2.13"
  dependencies:
    "tslib" "^2.2.0"
  optionalDependencies:
    "parse5" "^5.0.0"

"@angular/common@^12.0.0 || ^13.0.0-0", "@angular/common@^12.2.8", "@angular/common@12.2.16":
  "integrity" "sha512-wzFY5a3VVUTw0t14UST695tIALOGv1E6I2pUuHoP1WBLl5XBt3SafYuWmnpUj8yF0/40zaePUEv25bGl5W3QUg=="
  "resolved" "https://registry.npmjs.org/@angular/common/-/common-13.0.0-next.12.tgz"
  "version" "13.0.0-next.12"
  dependencies:
    "tslib" "^2.3.0"

"@angular/core@^12.0.0 || ^13.0.0-0", "@angular/core@^12.2.8", "@angular/core@12.2.16", "@angular/core@13.0.0-next.12":
  "integrity" "sha512-jsmvaRdAfng99z2a9mAmkfcsCE1wm+tBYVDxnc5JquSXznwtncjzcoc2X0J0dzrkCDvzFfpTsZ9vehylytBc+A=="
  "resolved" "https://registry.npmjs.org/@angular/core/-/core-12.2.16.tgz"
  "version" "12.2.16"
  dependencies:
    "tslib" "^2.2.0"

"@angular/forms@^12.2.8":
  "integrity" "sha512-sb+gpNun5aN7CZfHXS6X7vJcd/0A1P/gRBZpYtQTzBYnqEFCOFIvR62eb05aHQ4JhgKaSPpIXrbz/bAwY/njZw=="
  "resolved" "https://registry.npmjs.org/@angular/forms/-/forms-12.2.16.tgz"
  "version" "12.2.16"
  dependencies:
    "tslib" "^2.2.0"

"@angular/platform-browser@12.2.16":
  "integrity" "sha512-T855ppLeQO6hRHi7lGf5fwPoUVt+c0h2rgkV5jHElc3ylaGnhecmZc6fnWLX4pw82TMJUgUV88CY8JCFabJWwg=="
  "resolved" "https://registry.npmjs.org/@angular/platform-browser/-/platform-browser-12.2.16.tgz"
  "version" "12.2.16"
  dependencies:
    "tslib" "^2.2.0"

"@dynatrace/barista-components@^10.7.4":
  "integrity" "sha512-5bWgvTkq7jq44zpHdrchykRbaI5tjpEmd+UpEigyqFRckDOx/7N0R6G2dMhm838JDd55RjrrNA7sKHqPAPMa5g=="
  "resolved" "https://registry.npmjs.org/@dynatrace/barista-components/-/barista-components-10.7.4.tgz"
  "version" "10.7.4"
  dependencies:
    "tslib" "^2.0.0"

"@dynatrace/barista-fonts@^1.0.1", "@dynatrace/barista-fonts@>= 1.0.0 < 2":
  "integrity" "sha512-Bt8wSfDvn97UDvTJFVv3t/LU2KS7rLejaAQkjwKHkTT/UFSrapXf9vIklLXtNlvGPcOrxVCLTCemOkw9oQLocA=="
  "resolved" "https://registry.npmjs.org/@dynatrace/barista-fonts/-/barista-fonts-1.0.1.tgz"
  "version" "1.0.1"

"@dynatrace/barista-icons@^7.21.1", "@dynatrace/barista-icons@>= 5.1.0 < 8":
  "integrity" "sha512-1OjlV6uVLGDpQ1Ni/QRpdQjqFo1Mwqd+IgRKH3S5k/RdrtBwE1DWaktz0VHeAnqeU/rXfEhuRml6XqTI3Qz2hg=="
  "resolved" "https://registry.npmjs.org/@dynatrace/barista-icons/-/barista-icons-7.21.1.tgz"
  "version" "7.21.1"

"ansi-regex@^4.1.0":
  "integrity" "sha512-1apePfXM1UOSqw0o9IiFAovVz9M5S1Dg+4TrDwfMewQ6p/rmMueb7tWZjQ1rx4Loy1ArBggoqGpfqqdI4rondg=="
  "resolved" "https://registry.npmjs.org/ansi-regex/-/ansi-regex-4.1.0.tgz"
  "version" "4.1.0"

"ansi-styles@^3.2.0", "ansi-styles@^3.2.1":
  "integrity" "sha512-VT0ZI6kZRdTh8YyJw3SMbYm/u+NqfsAxEpWO0Pf9sq8/e94WxxOpPKx9FR1FlyCtOVDNOQ+8ntlqFxiRc+r5qA=="
  "resolved" "https://registry.npmjs.org/ansi-styles/-/ansi-styles-3.2.1.tgz"
  "version" "3.2.1"
  dependencies:
    "color-convert" "^1.9.0"

"asynckit@^0.4.0":
  "integrity" "sha512-Oei9OH4tRh0YqU3GxhX79dM/mwVgvbZJaSNaRk+bshkj0S5cfHcgYakreBjrHwatXKbz+IoIdYLxrKim2MjW0Q=="
  "resolved" "https://registry.npmjs.org/asynckit/-/asynckit-0.4.0.tgz"
  "version" "0.4.0"

"axios@^0.27.2":
  "integrity" "sha512-t+yRIyySRTp/wua5xEr+z1q60QmLq8ABsS5O9Me1AsE5dfKqgnCFzwiCZZ/cGNd1lq4/7akDWMxdhVlucjmnOQ=="
  "resolved" "https://registry.npmjs.org/axios/-/axios-0.27.2.tgz"
  "version" "0.27.2"
  dependencies:
    "follow-redirects" "^1.14.9"
    "form-data" "^4.0.0"

"camelcase@^5.0.0":
  "integrity" "sha512-L28STB170nwWS63UjtlEOE3dldQApaJXZkOI1uMFfzf3rRuPegHaHesyee+YxQ+W6SvRDQV6UrdOdRiR153wJg=="
  "resolved" "https://registry.npmjs.org/camelcase/-/camelcase-5.3.1.tgz"
  "version" "5.3.1"

"chalk@^2.4.2":
  "integrity" "sha512-Mti+f9lpJNcwF4tWV8/OrTTtF1gZi+f8FqlyAdouralcFWFQWF2+NgCHShjkCb+IFBLq9buZwE1xckQU4peSuQ=="
  "resolved" "https://registry.npmjs.org/chalk/-/chalk-2.4.2.tgz"
  "version" "2.4.2"
  dependencies:
    "ansi-styles" "^3.2.1"
    "escape-string-regexp" "^1.0.5"
    "supports-color" "^5.3.0"

"cliui@^5.0.0":
  "integrity" "sha512-PYeGSEmmHM6zvoef2w8TPzlrnNpXIjTipYK780YswmIP9vjxmd6Y2a3CB2Ks6/AU8NHjZugXvo8w3oWM2qnwXA=="
  "resolved" "https://registry.npmjs.org/cliui/-/cliui-5.0.0.tgz"
  "version" "5.0.0"
  dependencies:
    "string-width" "^3.1.0"
    "strip-ansi" "^5.2.0"
    "wrap-ansi" "^5.1.0"

"color-convert@^1.9.0":
  "integrity" "sha512-QfAUtd+vFdAtFQcC8CCyYt1fYWxSqAiK2cSD6zDB8N3cpsEBAvRxp9zOGg6G/SHHJYAT88/az/IuDGALsNVbGg=="
  "resolved" "https://registry.npmjs.org/color-convert/-/color-convert-1.9.3.tgz"
  "version" "1.9.3"
  dependencies:
    "color-name" "1.1.3"

"color-name@1.1.3":
  "integrity" "sha1-p9BVi9icQveV3UIyj3QIMcpTvCU="
  "resolved" "https://registry.npmjs.org/color-name/-/color-name-1.1.3.tgz"
  "version" "1.1.3"

"combined-stream@^1.0.8":
  "integrity" "sha512-FQN4MRfuJeHf7cBbBMJFXhKSDq+2kAArBlmRBvcvFE5BB1HZKXtSFASDhdlz9zOYwxh8lDdnvmMOe/+5cdoEdg=="
  "resolved" "https://registry.npmjs.org/combined-stream/-/combined-stream-1.0.8.tgz"
  "version" "1.0.8"
  dependencies:
    "delayed-stream" "~1.0.0"

"concurrently@^5.2.0":
  "integrity" "sha512-XxcDbQ4/43d6CxR7+iV8IZXhur4KbmEJk1CetVMUqCy34z9l0DkszbY+/9wvmSnToTej0SYomc2WSRH+L0zVJw=="
  "resolved" "https://registry.npmjs.org/concurrently/-/concurrently-5.2.0.tgz"
  "version" "5.2.0"
  dependencies:
    "chalk" "^2.4.2"
    "date-fns" "^2.0.1"
    "lodash" "^4.17.15"
    "read-pkg" "^4.0.1"
    "rxjs" "^6.5.2"
    "spawn-command" "^0.0.2-1"
    "supports-color" "^6.1.0"
    "tree-kill" "^1.2.2"
    "yargs" "^13.3.0"

"d3-array@2 - 3", "d3-array@2.10.0 - 3":
  "integrity" "sha512-DCbBBNuKOeiR9h04ySRBMW52TFVc91O9wJziuyXw6Ztmy8D3oZbmCkOO3UHKC7ceNJsN2Mavo9+vwV8EAEUXzA=="
  "resolved" "https://registry.npmjs.org/d3-array/-/d3-array-3.1.6.tgz"
  "version" "3.1.6"
  dependencies:
    "internmap" "1 - 2"

"d3-color@1 - 3":
  "integrity" "sha512-zg/chbXyeBtMQ1LbD/WSoW2DpC3I0mpmPdW+ynRTj/x2DAWYrIY7qeZIHidozwV24m4iavr15lNwIwLxRmOxhA=="
  "resolved" "https://registry.npmjs.org/d3-color/-/d3-color-3.1.0.tgz"
  "version" "3.1.0"

"d3-format@1 - 3":
  "integrity" "sha512-YyUI6AEuY/Wpt8KWLgZHsIU86atmikuoOmCfommt0LYHiQSPjvX2AcFc38PX0CBpr2RCyZhjex+NS/LPOv6YqA=="
  "resolved" "https://registry.npmjs.org/d3-format/-/d3-format-3.1.0.tgz"
  "version" "3.1.0"

"d3-interpolate@1.2.0 - 3":
  "integrity" "sha512-3bYs1rOD33uo8aqJfKP3JWPAibgw8Zm2+L9vBKEHJ2Rg+viTR7o5Mmv5mZcieN+FRYaAOWX5SJATX6k1PWz72g=="
  "resolved" "https://registry.npmjs.org/d3-interpolate/-/d3-interpolate-3.0.1.tgz"
  "version" "3.0.1"
  dependencies:
    "d3-color" "1 - 3"

"d3-path@1 - 3":
  "integrity" "sha512-gq6gZom9AFZby0YLduxT1qmrp4xpBA1YZr19OI717WIdKE2OM5ETq5qrHLb301IgxhLwcuxvGZVLeeWc/k1I6w=="
  "resolved" "https://registry.npmjs.org/d3-path/-/d3-path-3.0.1.tgz"
  "version" "3.0.1"

"d3-scale@^4.0.0":
  "integrity" "sha512-GZW464g1SH7ag3Y7hXjf8RoUuAFIqklOAq3MRl4OaWabTFJY9PN/E1YklhXLh+OQ3fM9yS2nOkCoS+WLZ6kvxQ=="
  "resolved" "https://registry.npmjs.org/d3-scale/-/d3-scale-4.0.2.tgz"
  "version" "4.0.2"
  dependencies:
    "d3-array" "2.10.0 - 3"
    "d3-format" "1 - 3"
    "d3-interpolate" "1.2.0 - 3"
    "d3-time" "2.1.1 - 3"
    "d3-time-format" "2 - 4"

"d3-shape@^3.0.1":
  "integrity" "sha512-tGDh1Muf8kWjEDT/LswZJ8WF85yDZLvVJpYU9Nq+8+yW1Z5enxrmXOhTArlkaElU+CTn0OTVNli+/i+HP45QEQ=="
  "resolved" "https://registry.npmjs.org/d3-shape/-/d3-shape-3.1.0.tgz"
  "version" "3.1.0"
  dependencies:
    "d3-path" "1 - 3"

"d3-time-format@2 - 4":
  "integrity" "sha512-dJxPBlzC7NugB2PDLwo9Q8JiTR3M3e4/XANkreKSUxF8vvXKqm1Yfq4Q5dl8budlunRVlUUaDUgFt7eA8D6NLg=="
  "resolved" "https://registry.npmjs.org/d3-time-format/-/d3-time-format-4.1.0.tgz"
  "version" "4.1.0"
  dependencies:
    "d3-time" "1 - 3"

"d3-time@1 - 3", "d3-time@2.1.1 - 3":
  "integrity" "sha512-zmV3lRnlaLI08y9IMRXSDshQb5Nj77smnfpnd2LrBa/2K281Jijactokeak14QacHs/kKq0AQ121nidNYlarbQ=="
  "resolved" "https://registry.npmjs.org/d3-time/-/d3-time-3.0.0.tgz"
  "version" "3.0.0"
  dependencies:
    "d3-array" "2 - 3"

"date-fns@^2.0.1":
  "integrity" "sha512-1zD+68jhFgDIM0rF05rcwYO8cExdNqxjq4xP1QKM60Q45mnO6zaMWB4tOzrIr4M4GSLntsKeE4c9Bdl2jhL/yw=="
  "resolved" "https://registry.npmjs.org/date-fns/-/date-fns-2.14.0.tgz"
  "version" "2.14.0"

"decamelize@^1.2.0":
  "integrity" "sha1-9lNNFRSCabIDUue+4m9QH5oZEpA="
  "resolved" "https://registry.npmjs.org/decamelize/-/decamelize-1.2.0.tgz"
  "version" "1.2.0"

"delayed-stream@~1.0.0":
  "integrity" "sha512-ZySD7Nf91aLB0RxL4KGrKHBXl7Eds1DAmEdcoVawXnLD7SDhpNgtuII2aAkg7a7QS41jxPSZ17p4VdGnMHk3MQ=="
  "resolved" "https://registry.npmjs.org/delayed-stream/-/delayed-stream-1.0.0.tgz"
  "version" "1.0.0"

"docker-compose@^0.23.17":
  "integrity" "sha512-YJV18YoYIcxOdJKeFcCFihE6F4M2NExWM/d4S1ITcS9samHKnNUihz9kjggr0dNtsrbpFNc7/Yzd19DWs+m1xg=="
  "resolved" "https://registry.npmjs.org/docker-compose/-/docker-compose-0.23.17.tgz"
  "version" "0.23.17"
  dependencies:
    "yaml" "^1.10.2"

"emoji-regex@^7.0.1":
  "integrity" "sha512-CwBLREIQ7LvYFB0WyRvwhq5N5qPhc6PMjD6bYggFlI5YyDgl+0vxq5VHbMOFqLg7hfWzmu8T5Z1QofhmTIhItA=="
  "resolved" "https://registry.npmjs.org/emoji-regex/-/emoji-regex-7.0.3.tgz"
  "version" "7.0.3"

"error-ex@^1.3.1":
  "integrity" "sha512-7dFHNmqeFSEt2ZBsCriorKnn3Z2pj+fd9kmI6QoWw4//DL+icEBfc0U7qJCisqrTsKTjw4fNFy2pW9OqStD84g=="
  "resolved" "https://registry.npmjs.org/error-ex/-/error-ex-1.3.2.tgz"
  "version" "1.3.2"
  dependencies:
    "is-arrayish" "^0.2.1"

"escape-string-regexp@^1.0.5":
  "integrity" "sha1-G2HAViGQqN/2rjuyzwIAyhMLhtQ="
  "resolved" "https://registry.npmjs.org/escape-string-regexp/-/escape-string-regexp-1.0.5.tgz"
  "version" "1.0.5"

"find-up@^3.0.0":
  "integrity" "sha512-1yD6RmLI1XBfxugvORwlck6f75tYL+iR0jqwsOrOxMZyGYqUuDhJ0l4AXdO1iX/FTs9cBAMEk1gWSEx1kSbylg=="
  "resolved" "https://registry.npmjs.org/find-up/-/find-up-3.0.0.tgz"
  "version" "3.0.0"
  dependencies:
    "locate-path" "^3.0.0"

"follow-redirects@^1.14.9":
  "integrity" "sha512-yLAMQs+k0b2m7cVxpS1VKJVvoz7SS9Td1zss3XRwXj+ZDH00RJgnuLx7E44wx02kQLrdM3aOOy+FpzS7+8OizA=="
  "resolved" "https://registry.npmjs.org/follow-redirects/-/follow-redirects-1.15.1.tgz"
  "version" "1.15.1"

"form-data@^4.0.0":
  "integrity" "sha512-ETEklSGi5t0QMZuiXoA/Q6vcnxcLQP5vdugSpuAyi6SVGi2clPPp+xgEhuMaHC+zGgn31Kd235W35f7Hykkaww=="
  "resolved" "https://registry.npmjs.org/form-data/-/form-data-4.0.0.tgz"
  "version" "4.0.0"
  dependencies:
    "asynckit" "^0.4.0"
    "combined-stream" "^1.0.8"
    "mime-types" "^2.1.12"

"get-caller-file@^2.0.1":
  "integrity" "sha512-DyFP3BM/3YHTQOCUL/w0OZHR0lpKeGrxotcHWcqNEdnltqFwXVfhEBQ94eIo34AfQpo0rGki4cyIiftY06h2Fg=="
  "resolved" "https://registry.npmjs.org/get-caller-file/-/get-caller-file-2.0.5.tgz"
  "version" "2.0.5"

"git@^0.1.5":
  "integrity" "sha512-N+bfOrXyKMU/fQtCj6D/U9MQOEN0DAA8TLHSLdUQRSWBOkeRvsjJHdrdkvcq05xO7GSDKWc3nDEGoTZ4DfCCSg=="
  "resolved" "https://registry.npmjs.org/git/-/git-0.1.5.tgz"
  "version" "0.1.5"
  dependencies:
    "mime" "1.2.9"

"has-flag@^3.0.0":
  "integrity" "sha1-tdRU3CGZriJWmfNGfloH87lVuv0="
  "resolved" "https://registry.npmjs.org/has-flag/-/has-flag-3.0.0.tgz"
  "version" "3.0.0"

"highcharts@^7.0.0":
  "integrity" "sha512-jRKujQuPKHLgGQd2sByBI9K5m56CInm2augVZnBYqdmyoU88hcI62uuAXHvxC3FW8YY0FJ74A1uw6sxrcmcmvg=="
  "resolved" "https://registry.npmjs.org/highcharts/-/highcharts-7.2.2.tgz"
  "version" "7.2.2"

"hosted-git-info@^2.1.4":
  "integrity" "sha512-f/wzC2QaWBs7t9IYqB4T3sR1xviIViXJRJTWBlx2Gf3g0Xi5vI7Yy4koXQ1c9OYDGHN9sBy1DQ2AB8fqZBWhUg=="
  "resolved" "https://registry.npmjs.org/hosted-git-info/-/hosted-git-info-2.8.8.tgz"
  "version" "2.8.8"

"internmap@1 - 2":
  "integrity" "sha512-5Hh7Y1wQbvY5ooGgPbDaL5iYLAPzMTUrjMulskHLH6wnv/A+1q5rgEaiuqEjB+oxGXIVZs1FF+R/KPN3ZSQYYg=="
  "resolved" "https://registry.npmjs.org/internmap/-/internmap-2.0.3.tgz"
  "version" "2.0.3"

"is-arrayish@^0.2.1":
  "integrity" "sha1-d8mYQFJ6qOyxqLppe4BkWnqSap0="
  "resolved" "https://registry.npmjs.org/is-arrayish/-/is-arrayish-0.2.1.tgz"
  "version" "0.2.1"

"is-fullwidth-code-point@^2.0.0":
  "integrity" "sha1-o7MKXE8ZkYMWeqq5O+764937ZU8="
  "resolved" "https://registry.npmjs.org/is-fullwidth-code-point/-/is-fullwidth-code-point-2.0.0.tgz"
  "version" "2.0.0"

"js-tokens@^3.0.0 || ^4.0.0":
  "integrity" "sha512-RdJUflcE3cUzKiMqQgsCu06FPu9UdIJO0beYbPhHN4k6apgJtifcoCtT9bcxOpYBtpD2kCM6Sbzg4CausW/PKQ=="
  "resolved" "https://registry.npmjs.org/js-tokens/-/js-tokens-4.0.0.tgz"
  "version" "4.0.0"

"json-parse-better-errors@^1.0.1":
  "integrity" "sha512-mrqyZKfX5EhL7hvqcV6WG1yYjnjeuYDzDhhcAAUrq8Po85NBQBJP+ZDUT75qZQ98IkUoBqdkExkukOU7Ts2wrw=="
  "resolved" "https://registry.npmjs.org/json-parse-better-errors/-/json-parse-better-errors-1.0.2.tgz"
  "version" "1.0.2"

"locate-path@^3.0.0":
  "integrity" "sha512-7AO748wWnIhNqAuaty2ZWHkQHRSNfPVIsPIfwEOWO22AmaoVrWavlOcMR5nzTLNYvp36X220/maaRsrec1G65A=="
  "resolved" "https://registry.npmjs.org/locate-path/-/locate-path-3.0.0.tgz"
  "version" "3.0.0"
  dependencies:
    "p-locate" "^3.0.0"
    "path-exists" "^3.0.0"

"lodash-es@^4.17.15":
  "integrity" "sha512-mKnC+QJ9pWVzv+C4/U3rRsHapFfHvQFoFB92e52xeyGMcX6/OlIl78je1u8vePzYZSkkogMPJ2yjxxsb89cxyw=="
  "resolved" "https://registry.npmjs.org/lodash-es/-/lodash-es-4.17.21.tgz"
  "version" "4.17.21"

"lodash@^4.17.15":
  "integrity" "sha512-8xOcRHvCjnocdS5cpwXQXVzmmh5e5+saE2QGoeQmbKmRS6J3VQppPOIt0MnmE+4xlZoumy0GPG0D0MVIQbNA1A=="
  "resolved" "https://registry.npmjs.org/lodash/-/lodash-4.17.15.tgz"
  "version" "4.17.15"

"loose-envify@^1.1.0":
  "integrity" "sha512-lyuxPGr/Wfhrlem2CL/UcnUc1zcqKAImBDzukY7Y5F/yQiNdko6+fRLevlw1HgMySw7f611UIY408EtxRSoK3Q=="
  "resolved" "https://registry.npmjs.org/loose-envify/-/loose-envify-1.4.0.tgz"
  "version" "1.4.0"
  dependencies:
    "js-tokens" "^3.0.0 || ^4.0.0"

"mime-db@1.52.0":
  "integrity" "sha512-sPU4uV7dYlvtWJxwwxHD0PuihVNiE7TyAbQ5SWxDCB9mUYvOgroQOwYQQOKPJ8CIbE+1ETVlOoK1UC2nU3gYvg=="
  "resolved" "https://registry.npmjs.org/mime-db/-/mime-db-1.52.0.tgz"
  "version" "1.52.0"

"mime-types@^2.1.12":
  "integrity" "sha512-ZDY+bPm5zTTF+YpCrAU9nK0UgICYPT0QtT1NZWFv4s++TNkcgVaT0g6+4R2uI4MjQjzysHB1zxuWL50hzaeXiw=="
  "resolved" "https://registry.npmjs.org/mime-types/-/mime-types-2.1.35.tgz"
  "version" "2.1.35"
  dependencies:
    "mime-db" "1.52.0"

"mime@1.2.9":
  "integrity" "sha512-WiLgbHTIq5AYUvU/Luli4mZ1bUcHpGNHyCsbl+KPMg4zt+XUDpQehWjuBjdLaEvDTinvKj/FgfQt3fPoT7j08g=="
  "resolved" "https://registry.npmjs.org/mime/-/mime-1.2.9.tgz"
  "version" "1.2.9"

"normalize-package-data@^2.3.2":
  "integrity" "sha512-/5CMN3T0R4XTj4DcGaexo+roZSdSFW/0AOOTROrjxzCG1wrWXEsGbRKevjlIL+ZDE4sZlJr5ED4YW0yqmkK+eA=="
  "resolved" "https://registry.npmjs.org/normalize-package-data/-/normalize-package-data-2.5.0.tgz"
  "version" "2.5.0"
  dependencies:
    "hosted-git-info" "^2.1.4"
    "resolve" "^1.10.0"
    "semver" "2 || 3 || 4 || 5"
    "validate-npm-package-license" "^3.0.1"

"p-limit@^2.0.0":
  "integrity" "sha512-//88mFWSJx8lxCzwdAABTJL2MyWB12+eIY7MDL2SqLmAkeKU9qxRvWuSyTjm3FUmpBEMuFfckAIqEaVGUDxb6w=="
  "resolved" "https://registry.npmjs.org/p-limit/-/p-limit-2.3.0.tgz"
  "version" "2.3.0"
  dependencies:
    "p-try" "^2.0.0"

"p-locate@^3.0.0":
  "integrity" "sha512-x+12w/To+4GFfgJhBEpiDcLozRJGegY+Ei7/z0tSLkMmxGZNybVMSfWj9aJn8Z5Fc7dBUNJOOVgPv2H7IwulSQ=="
  "resolved" "https://registry.npmjs.org/p-locate/-/p-locate-3.0.0.tgz"
  "version" "3.0.0"
  dependencies:
    "p-limit" "^2.0.0"

"p-try@^2.0.0":
  "integrity" "sha512-R4nPAVTAU0B9D35/Gk3uJf/7XYbQcyohSKdvAxIRSNghFl4e71hVoGnBNQz9cWaXxO2I10KTC+3jMdvvoKw6dQ=="
  "resolved" "https://registry.npmjs.org/p-try/-/p-try-2.2.0.tgz"
  "version" "2.2.0"

"parse-json@^4.0.0":
  "integrity" "sha1-vjX1Qlvh9/bHRxhPmKeIy5lHfuA="
  "resolved" "https://registry.npmjs.org/parse-json/-/parse-json-4.0.0.tgz"
  "version" "4.0.0"
  dependencies:
    "error-ex" "^1.3.1"
    "json-parse-better-errors" "^1.0.1"

"parse5@^5.0.0":
  "integrity" "sha512-ugq4DFI0Ptb+WWjAdOK16+u/nHfiIrcE+sh8kZMaM0WllQKLI9rOUq6c2b7cwPkXdzfQESqvoqK6ug7U/Yyzug=="
  "resolved" "https://registry.npmjs.org/parse5/-/parse5-5.1.1.tgz"
  "version" "5.1.1"

"path-exists@^3.0.0":
  "integrity" "sha1-zg6+ql94yxiSXqfYENe1mwEP1RU="
  "resolved" "https://registry.npmjs.org/path-exists/-/path-exists-3.0.0.tgz"
  "version" "3.0.0"

"path-parse@^1.0.6":
  "integrity" "sha512-GSmOT2EbHrINBf9SR7CDELwlJ8AENk3Qn7OikK4nFYAu3Ote2+JYNVvkpAEQm3/TLNEJFD/xZJjzyxg3KBWOzw=="
  "resolved" "https://registry.npmjs.org/path-parse/-/path-parse-1.0.6.tgz"
  "version" "1.0.6"

"pify@^3.0.0":
  "integrity" "sha1-5aSs0sEB/fPZpNB/DbxNtJ3SgXY="
  "resolved" "https://registry.npmjs.org/pify/-/pify-3.0.0.tgz"
  "version" "3.0.0"

"react-dom@^18.1.0":
  "integrity" "sha512-fU1Txz7Budmvamp7bshe4Zi32d0ll7ect+ccxNu9FlObT605GOEB8BfO4tmRJ39R5Zj831VCpvQ05QPBW5yb+w=="
  "resolved" "https://registry.npmjs.org/react-dom/-/react-dom-18.1.0.tgz"
  "version" "18.1.0"
  dependencies:
    "loose-envify" "^1.1.0"
    "scheduler" "^0.22.0"

"react@^18.1.0":
  "integrity" "sha512-4oL8ivCz5ZEPyclFQXaNksK3adutVS8l2xzZU0cqEFrE9Sb7fC0EFK5uEk74wIreL1DERyjvsU915j1pcT2uEQ=="
  "resolved" "https://registry.npmjs.org/react/-/react-18.1.0.tgz"
  "version" "18.1.0"
  dependencies:
    "loose-envify" "^1.1.0"

"read-pkg@^4.0.1":
  "integrity" "sha1-ljYlN48+HE1IyFhytabsfV0JMjc="
  "resolved" "https://registry.npmjs.org/read-pkg/-/read-pkg-4.0.1.tgz"
  "version" "4.0.1"
  dependencies:
    "normalize-package-data" "^2.3.2"
    "parse-json" "^4.0.0"
    "pify" "^3.0.0"

"require-directory@^2.1.1":
  "integrity" "sha1-jGStX9MNqxyXbiNE/+f3kqam30I="
  "resolved" "https://registry.npmjs.org/require-directory/-/require-directory-2.1.1.tgz"
  "version" "2.1.1"

"require-main-filename@^2.0.0":
  "integrity" "sha512-NKN5kMDylKuldxYLSUfrbo5Tuzh4hd+2E8NPPX02mZtn1VuREQToYe/ZdlJy+J3uCpfaiGF05e7B8W0iXbQHmg=="
  "resolved" "https://registry.npmjs.org/require-main-filename/-/require-main-filename-2.0.0.tgz"
  "version" "2.0.0"

"resolve@^1.10.0":
  "integrity" "sha512-ic+7JYiV8Vi2yzQGFWOkiZD5Z9z7O2Zhm9XMaTxdJExKasieFCr+yXZ/WmXsckHiKl12ar0y6XiXDx3m4RHn1w=="
  "resolved" "https://registry.npmjs.org/resolve/-/resolve-1.17.0.tgz"
  "version" "1.17.0"
  dependencies:
    "path-parse" "^1.0.6"

"rxjs@^6.5.2", "rxjs@^6.5.3 || ^7.0.0":
  "integrity" "sha512-WfQI+1gohdf0Dai/Bbmk5L5ItH5tYqm3ki2c5GdWhKjalzjg93N3avFjVStyZZz+A2Em+ZxKH5bNghw9UeylGQ=="
  "resolved" "https://registry.npmjs.org/rxjs/-/rxjs-6.5.5.tgz"
  "version" "6.5.5"
  dependencies:
    "tslib" "^1.9.0"

"scheduler@^0.22.0":
  "integrity" "sha512-6QAm1BgQI88NPYymgGQLCZgvep4FyePDWFpXVK+zNSUgHwlqpJy8VEh8Et0KxTACS4VWwMousBElAZOH9nkkoQ=="
  "resolved" "https://registry.npmjs.org/scheduler/-/scheduler-0.22.0.tgz"
  "version" "0.22.0"
  dependencies:
    "loose-envify" "^1.1.0"

"semver@2 || 3 || 4 || 5":
  "integrity" "sha512-sauaDf/PZdVgrLTNYHRtpXa1iRiKcaebiKQ1BJdpQlWH2lCvexQdX55snPFyK7QzpudqbCI0qXFfOasHdyNDGQ=="
  "resolved" "https://registry.npmjs.org/semver/-/semver-5.7.1.tgz"
  "version" "5.7.1"

"set-blocking@^2.0.0":
  "integrity" "sha1-BF+XgtARrppoA93TgrJDkrPYkPc="
  "resolved" "https://registry.npmjs.org/set-blocking/-/set-blocking-2.0.0.tgz"
  "version" "2.0.0"

"spawn-command@^0.0.2-1":
  "integrity" "sha1-YvXpRmmBwbeW3Fkpk34RycaSG9A="
  "resolved" "https://registry.npmjs.org/spawn-command/-/spawn-command-0.0.2-1.tgz"
  "version" "0.0.2-1"

"spdx-correct@^3.0.0":
  "integrity" "sha512-cOYcUWwhCuHCXi49RhFRCyJEK3iPj1Ziz9DpViV3tbZOwXD49QzIN3MpOLJNxh2qwq2lJJZaKMVw9qNi4jTC0w=="
  "resolved" "https://registry.npmjs.org/spdx-correct/-/spdx-correct-3.1.1.tgz"
  "version" "3.1.1"
  dependencies:
    "spdx-expression-parse" "^3.0.0"
    "spdx-license-ids" "^3.0.0"

"spdx-exceptions@^2.1.0":
  "integrity" "sha512-/tTrYOC7PPI1nUAgx34hUpqXuyJG+DTHJTnIULG4rDygi4xu/tfgmq1e1cIRwRzwZgo4NLySi+ricLkZkw4i5A=="
  "resolved" "https://registry.npmjs.org/spdx-exceptions/-/spdx-exceptions-2.3.0.tgz"
  "version" "2.3.0"

"spdx-expression-parse@^3.0.0":
  "integrity" "sha512-cbqHunsQWnJNE6KhVSMsMeH5H/L9EpymbzqTQ3uLwNCLZ1Q481oWaofqH7nO6V07xlXwY6PhQdQ2IedWx/ZK4Q=="
  "resolved" "https://registry.npmjs.org/spdx-expression-parse/-/spdx-expression-parse-3.0.1.tgz"
  "version" "3.0.1"
  dependencies:
    "spdx-exceptions" "^2.1.0"
    "spdx-license-ids" "^3.0.0"

"spdx-license-ids@^3.0.0":
  "integrity" "sha512-J+FWzZoynJEXGphVIS+XEh3kFSjZX/1i9gFBaWQcB+/tmpe2qUsSBABpcxqxnAxFdiUFEgAX1bjYGQvIZmoz9Q=="
  "resolved" "https://registry.npmjs.org/spdx-license-ids/-/spdx-license-ids-3.0.5.tgz"
  "version" "3.0.5"

"string-width@^3.0.0", "string-width@^3.1.0":
  "integrity" "sha512-vafcv6KjVZKSgz06oM/H6GDBrAtz8vdhQakGjFIvNrHA6y3HCF1CInLy+QLq8dTJPQ1b+KDUqDFctkdRW44e1w=="
  "resolved" "https://registry.npmjs.org/string-width/-/string-width-3.1.0.tgz"
  "version" "3.1.0"
  dependencies:
    "emoji-regex" "^7.0.1"
    "is-fullwidth-code-point" "^2.0.0"
    "strip-ansi" "^5.1.0"

"strip-ansi@^5.0.0", "strip-ansi@^5.1.0", "strip-ansi@^5.2.0":
  "integrity" "sha512-DuRs1gKbBqsMKIZlrffwlug8MHkcnpjs5VPmL1PAh+mA30U0DTotfDZ0d2UUsXpPmPmMMJ6W773MaA3J+lbiWA=="
  "resolved" "https://registry.npmjs.org/strip-ansi/-/strip-ansi-5.2.0.tgz"
  "version" "5.2.0"
  dependencies:
    "ansi-regex" "^4.1.0"

"supports-color@^5.3.0":
  "integrity" "sha512-QjVjwdXIt408MIiAqCX4oUKsgU2EqAGzs2Ppkm4aQYbjm+ZEWEcW4SfFNTr4uMNZma0ey4f5lgLrkB0aX0QMow=="
  "resolved" "https://registry.npmjs.org/supports-color/-/supports-color-5.5.0.tgz"
  "version" "5.5.0"
  dependencies:
    "has-flag" "^3.0.0"

"supports-color@^6.1.0":
  "integrity" "sha512-qe1jfm1Mg7Nq/NSh6XE24gPXROEVsWHxC1LIx//XNlD9iw7YZQGjZNjYN7xGaEG6iKdA8EtNFW6R0gjnVXp+wQ=="
  "resolved" "https://registry.npmjs.org/supports-color/-/supports-color-6.1.0.tgz"
  "version" "6.1.0"
  dependencies:
    "has-flag" "^3.0.0"

"tree-kill@^1.2.2":
  "integrity" "sha512-L0Orpi8qGpRG//Nd+H90vFB+3iHnue1zSSGmNOOCh1GLJ7rUKVwV2HvijphGQS2UmhUZewS9VgvxYIdgr+fG1A=="
  "resolved" "https://registry.npmjs.org/tree-kill/-/tree-kill-1.2.2.tgz"
  "version" "1.2.2"

"tslib@^1.9.0":
  "integrity" "sha512-i/6DQjL8Xf3be4K/E6Wgpekn5Qasl1usyw++dAA35Ue5orEn65VIxOA+YvNNl9HV3qv70T7CNwjODHZrLwvd1Q=="
  "resolved" "https://registry.npmjs.org/tslib/-/tslib-1.13.0.tgz"
  "version" "1.13.0"

"tslib@^2.0.0":
  "integrity" "sha512-d6xOpEDfsi2CZVlPQzGeux8XMwLT9hssAsaPYExaQMuYskwb+x1x7J371tWlbBdWHroy99KnVB6qIkUbs5X3UQ=="
  "resolved" "https://registry.npmjs.org/tslib/-/tslib-2.4.0.tgz"
  "version" "2.4.0"

"tslib@^2.2.0":
  "integrity" "sha512-d6xOpEDfsi2CZVlPQzGeux8XMwLT9hssAsaPYExaQMuYskwb+x1x7J371tWlbBdWHroy99KnVB6qIkUbs5X3UQ=="
  "resolved" "https://registry.npmjs.org/tslib/-/tslib-2.4.0.tgz"
  "version" "2.4.0"

"tslib@^2.3.0":
  "integrity" "sha512-d6xOpEDfsi2CZVlPQzGeux8XMwLT9hssAsaPYExaQMuYskwb+x1x7J371tWlbBdWHroy99KnVB6qIkUbs5X3UQ=="
  "resolved" "https://registry.npmjs.org/tslib/-/tslib-2.4.0.tgz"
  "version" "2.4.0"

"validate-npm-package-license@^3.0.1":
  "integrity" "sha512-DpKm2Ui/xN7/HQKCtpZxoRWBhZ9Z0kqtygG8XCgNQ8ZlDnxuQmWhj566j8fN4Cu3/JmbhsDo7fcAJq4s9h27Ew=="
  "resolved" "https://registry.npmjs.org/validate-npm-package-license/-/validate-npm-package-license-3.0.4.tgz"
  "version" "3.0.4"
  dependencies:
    "spdx-correct" "^3.0.0"
    "spdx-expression-parse" "^3.0.0"

"which-module@^2.0.0":
  "integrity" "sha1-2e8H3Od7mQK4o6j6SzHD4/fm6Ho="
  "resolved" "https://registry.npmjs.org/which-module/-/which-module-2.0.0.tgz"
  "version" "2.0.0"

"wrap-ansi@^5.1.0":
  "integrity" "sha512-QC1/iN/2/RPVJ5jYK8BGttj5z83LmSKmvbvrXPNCLZSEb32KKVDJDl/MOt2N01qU2H/FkzEa9PKto1BqDjtd7Q=="
  "resolved" "https://registry.npmjs.org/wrap-ansi/-/wrap-ansi-5.1.0.tgz"
  "version" "5.1.0"
  dependencies:
    "ansi-styles" "^3.2.0"
    "string-width" "^3.0.0"
    "strip-ansi" "^5.0.0"

"y18n@^4.0.0":
  "integrity" "sha512-r9S/ZyXu/Xu9q1tYlpsLIsa3EeLXXk0VwlxqTcFRfg9EhMW+17kbt9G0NrgCmhGb5vT2hyhJZLfDGx+7+5Uj/w=="
  "resolved" "https://registry.npmjs.org/y18n/-/y18n-4.0.0.tgz"
  "version" "4.0.0"

"yaml@^1.10.2":
  "integrity" "sha512-r3vXyErRCYJ7wg28yvBY5VSoAF8ZvlcW9/BwUzEtUsjvX/DKs24dIkuwjtuprwJJHsbyUbLApepYTR1BN4uHrg=="
  "resolved" "https://registry.npmjs.org/yaml/-/yaml-1.10.2.tgz"
  "version" "1.10.2"

"yargs-parser@^13.1.2":
  "integrity" "sha512-3lbsNRf/j+A4QuSZfDRA7HRSfWrzO0YjqTJd5kjAq37Zep1CEgaYmrH9Q3GwPiB9cHyd1Y1UwggGhJGoxipbzg=="
  "resolved" "https://registry.npmjs.org/yargs-parser/-/yargs-parser-13.1.2.tgz"
  "version" "13.1.2"
  dependencies:
    "camelcase" "^5.0.0"
    "decamelize" "^1.2.0"

"yargs@^13.3.0":
  "integrity" "sha512-AX3Zw5iPruN5ie6xGRIDgqkT+ZhnRlZMLMHAs8tg7nRruy2Nb+i5o9bwghAogtM08q1dpr2LVoS8KSTMYpWXUw=="
  "resolved" "https://registry.npmjs.org/yargs/-/yargs-13.3.2.tgz"
  "version" "13.3.2"
  dependencies:
    "cliui" "^5.0.0"
    "find-up" "^3.0.0"
    "get-caller-file" "^2.0.1"
    "require-directory" "^2.1.1"
    "require-main-filename" "^2.0.0"
    "set-blocking" "^2.0.0"
    "string-width" "^3.0.0"
    "which-module" "^2.0.0"
    "y18n" "^4.0.0"
    "yargs-parser" "^13.1.2"

"zone.js@~0.11.4":
  "integrity" "sha512-D1/7VxEuQ7xk6z/kAROe4SUbd9CzxY4zOwVGnGHerd/SgLIVU5f4esDzQUsOCeArn933BZfWMKydH7l7dPEp0g=="
  "resolved" "https://registry.npmjs.org/zone.js/-/zone.js-0.11.5.tgz"
  "version" "0.11.5"
  dependencies:
    "tslib" "^2.3.0"
